
Microsoft Visual Studio Solution File, Format Version 12.00
# Visual Studio Version 16
VisualStudioVersion = 16.0.31727.386
MinimumVisualStudioVersion = 10.0.40219.1
Project("{FAE04EC0-301F-11D3-BF4B-00C04F79EFBC}") = "BlockingQueue", "BlockingQueue\BlockingQueue.csproj", "{F46E3D1B-81C7-458A-B609-CEEC4829199B}"
EndProject
Global
	GlobalSection(SolutionConfigurationPlatforms) = preSolution
		Debug|Any CPU = Debug|Any CPU
		Release|Any CPU = Release|Any CPU
	EndGlobalSection
	GlobalSection(ProjectConfigurationPlatforms) = postSolution
		{F46E3D1B-81C7-458A-B609-CEEC4829199B}.Debug|Any CPU.ActiveCfg = Debug|Any CPU
		{F46E3D1B-81C7-458A-B609-CEEC4829199B}.Debug|Any CPU.Build.0 = Debug|Any CPU
		{F46E3D1B-81C7-458A-B609-CEEC4829199B}.Release|Any CPU.ActiveCfg = Release|Any CPU
		{F46E3D1B-81C7-458A-B609-CEEC4829199B}.Release|Any CPU.Build.0 = Release|Any CPU
	EndGlobalSection
	GlobalSection(SolutionProperties) = preSolution
		HideSolutionNode = FALSE
	EndGlobalSection
	GlobalSection(ExtensibilityGlobals) = postSolution
		SolutionGuid = {E03A46C6-72FD-4642-B13E-6E528A631CB7}
	EndGlobalSection
EndGlobal
